
Microsoft Visual Studio Solution File, Format Version 12.00
# Visual Studio Version 17
VisualStudioVersion = 17.6.33723.286
MinimumVisualStudioVersion = 10.0.40219.1
Project("{b2947606-39f3-4906-80b9-5da885bed83d}") = "StoragePouch", "StoragePouch.csproj", "{d3d69c48-1306-4709-a359-855e1091515d}"
EndProject
Global
	GlobalSection(SolutionConfigurationPlatforms) = preSolution
		Debug|Any CPU = Debug|Any CPU
		Release|Any CPU = Release|Any CPU
	EndGlobalSection
	GlobalSection(ProjectConfigurationPlatforms) = postSolution
		{d3d69c48-1306-4709-a359-855e1091515d}.Debug|Any CPU.ActiveCfg = Debug|Any CPU
		{d3d69c48-1306-4709-a359-855e1091515d}.Debug|Any CPU.Build.0 = Debug|Any CPU
		{d3d69c48-1306-4709-a359-855e1091515d}.Release|Any CPU.ActiveCfg = Release|Any CPU
		{d3d69c48-1306-4709-a359-855e1091515d}.Release|Any CPU.Build.0 = Release|Any CPU
	EndGlobalSection
	GlobalSection(SolutionProperties) = preSolution
		HideSolutionNode = FALSE
	EndGlobalSection
	GlobalSection(ExtensibilityGlobals) = postSolution
		SolutionGuid = {1c66d00d-de4f-46ef-aa0a-ad5e35225614}
	EndGlobalSection
EndGlobal
